
Microsoft Visual Studio Solution File, Format Version 12.00
# Visual Studio Version 17
VisualStudioVersion = 17.9.34728.123
MinimumVisualStudioVersion = 10.0.40219.1
Project("{FAE04EC0-301F-11D3-BF4B-00C04F79EFBC}") = "CRUD Depatment and Employee", "CRUD Depatment and Employee.csproj", "{8606D321-94DF-4ED3-AA03-A4EF736AF560}"
EndProject
Global
	GlobalSection(SolutionConfigurationPlatforms) = preSolution
		Debug|Any CPU = Debug|Any CPU
		Release|Any CPU = Release|Any CPU
	EndGlobalSection
	GlobalSection(ProjectConfigurationPlatforms) = postSolution
		{8606D321-94DF-4ED3-AA03-A4EF736AF560}.Debug|Any CPU.ActiveCfg = Debug|Any CPU
		{8606D321-94DF-4ED3-AA03-A4EF736AF560}.Debug|Any CPU.Build.0 = Debug|Any CPU
		{8606D321-94DF-4ED3-AA03-A4EF736AF560}.Release|Any CPU.ActiveCfg = Release|Any CPU
		{8606D321-94DF-4ED3-AA03-A4EF736AF560}.Release|Any CPU.Build.0 = Release|Any CPU
	EndGlobalSection
	GlobalSection(SolutionProperties) = preSolution
		HideSolutionNode = FALSE
	EndGlobalSection
	GlobalSection(ExtensibilityGlobals) = postSolution
		SolutionGuid = {97FE22E9-E166-445F-9130-3BEA4A826EEE}
	EndGlobalSection
EndGlobal
